
Microsoft Visual Studio Solution File, Format Version 12.00
# Visual Studio Version 17
VisualStudioVersion = 17.7.34031.279
MinimumVisualStudioVersion = 10.0.40219.1
Project("{9A19103F-16F7-4668-BE54-9A1E7A4F7556}") = "BuberBreakfast", "BuberBreakfast\BuberBreakfast.csproj", "{BCFE28D9-55F0-41E3-AD75-00B904D305B9}"
EndProject
Project("{FAE04EC0-301F-11D3-BF4B-00C04F79EFBC}") = "BuberBreakfast.Contract", "BuberBreakfast.Contract\BuberBreakfast.Contract.csproj", "{C3C91055-457B-428B-A0EE-D88EF787B9AF}"
EndProject
Global
	GlobalSection(SolutionConfigurationPlatforms) = preSolution
		Debug|Any CPU = Debug|Any CPU
		Release|Any CPU = Release|Any CPU
	EndGlobalSection
	GlobalSection(ProjectConfigurationPlatforms) = postSolution
		{BCFE28D9-55F0-41E3-AD75-00B904D305B9}.Debug|Any CPU.ActiveCfg = Debug|Any CPU
		{BCFE28D9-55F0-41E3-AD75-00B904D305B9}.Debug|Any CPU.Build.0 = Debug|Any CPU
		{BCFE28D9-55F0-41E3-AD75-00B904D305B9}.Release|Any CPU.ActiveCfg = Release|Any CPU
		{BCFE28D9-55F0-41E3-AD75-00B904D305B9}.Release|Any CPU.Build.0 = Release|Any CPU
		{C3C91055-457B-428B-A0EE-D88EF787B9AF}.Debug|Any CPU.ActiveCfg = Debug|Any CPU
		{C3C91055-457B-428B-A0EE-D88EF787B9AF}.Debug|Any CPU.Build.0 = Debug|Any CPU
		{C3C91055-457B-428B-A0EE-D88EF787B9AF}.Release|Any CPU.ActiveCfg = Release|Any CPU
		{C3C91055-457B-428B-A0EE-D88EF787B9AF}.Release|Any CPU.Build.0 = Release|Any CPU
	EndGlobalSection
	GlobalSection(SolutionProperties) = preSolution
		HideSolutionNode = FALSE
	EndGlobalSection
	GlobalSection(ExtensibilityGlobals) = postSolution
		SolutionGuid = {AD9B0E82-8EF3-459C-A27D-B9FAF6B4B908}
	EndGlobalSection
EndGlobal
